{
  "name": "assemble",
  "lockfileVersion": 3,
  "requires": true,
  "packages": {
    "": {
      "dependencies": {
        "talkjs": "^0.42.0"
      }
    },
    "node_modules/talkjs": {
      "version": "0.42.0",
      "resolved": "https://registry.npmjs.org/talkjs/-/talkjs-0.42.0.tgz",
      "integrity": "sha512-DqxN7jPCMF4nUA3ez4zdngMEeH1CirmgmzJTkwoDBn5fTi1xcfZVlZeTI7JK+PBEFYaHfbCR2CnTeNNsNE9MSg==",
      "license": "SEE LICENSE IN LICENSE.md"
    }
  }
}
